
Microsoft Visual Studio Solution File, Format Version 12.00
# Visual Studio Version 17
VisualStudioVersion = 17.2.32630.192
MinimumVisualStudioVersion = 10.0.40219.1
Project("{9A19103F-16F7-4668-BE54-9A1E7A4F7556}") = "CoachLife", "CoachLife.csproj", "{8FBD0F61-3F64-469A-9FDA-DDFC6AA3DBE9}"
EndProject
Project("{FAE04EC0-301F-11D3-BF4B-00C04F79EFBC}") = "CoachLifeTests", "..\Test\CoachLifeTests\CoachLifeTests.csproj", "{681EA794-8AC1-404B-9681-B20CE157E5FB}"
EndProject
Global
	GlobalSection(SolutionConfigurationPlatforms) = preSolution
		Debug|Any CPU = Debug|Any CPU
		Release|Any CPU = Release|Any CPU
	EndGlobalSection
	GlobalSection(ProjectConfigurationPlatforms) = postSolution
		{8FBD0F61-3F64-469A-9FDA-DDFC6AA3DBE9}.Debug|Any CPU.ActiveCfg = Debug|Any CPU
		{8FBD0F61-3F64-469A-9FDA-DDFC6AA3DBE9}.Debug|Any CPU.Build.0 = Debug|Any CPU
		{8FBD0F61-3F64-469A-9FDA-DDFC6AA3DBE9}.Release|Any CPU.ActiveCfg = Release|Any CPU
		{8FBD0F61-3F64-469A-9FDA-DDFC6AA3DBE9}.Release|Any CPU.Build.0 = Release|Any CPU
		{681EA794-8AC1-404B-9681-B20CE157E5FB}.Debug|Any CPU.ActiveCfg = Debug|Any CPU
		{681EA794-8AC1-404B-9681-B20CE157E5FB}.Debug|Any CPU.Build.0 = Debug|Any CPU
		{681EA794-8AC1-404B-9681-B20CE157E5FB}.Release|Any CPU.ActiveCfg = Release|Any CPU
		{681EA794-8AC1-404B-9681-B20CE157E5FB}.Release|Any CPU.Build.0 = Release|Any CPU
	EndGlobalSection
	GlobalSection(SolutionProperties) = preSolution
		HideSolutionNode = FALSE
	EndGlobalSection
	GlobalSection(ExtensibilityGlobals) = postSolution
		SolutionGuid = {AED9274E-5243-4E57-935E-4FC41A9CA780}
	EndGlobalSection
EndGlobal
